
Microsoft Visual Studio Solution File, Format Version 12.00
# Visual Studio 2012
Project("{FAE04EC0-301F-11D3-BF4B-00C04F79EFBC}") = "EMS.Common", "EMS.Common\EMS.Common.csproj", "{675C4E4D-10FF-4B18-98E3-5E2E06D6FCC0}"
EndProject
Project("{FAE04EC0-301F-11D3-BF4B-00C04F79EFBC}") = "EMS.Core", "EMS.Core\EMS.Core.csproj", "{B96F9030-D448-402C-9F68-883887BF3A24}"
EndProject
Project("{FAE04EC0-301F-11D3-BF4B-00C04F79EFBC}") = "EMS.DAL", "EMS.DAL\EMS.DAL.csproj", "{4458A58C-2928-402C-835B-7503B97A50D0}"
EndProject
Project("{FAE04EC0-301F-11D3-BF4B-00C04F79EFBC}") = "EMS.DTO", "EMS.DTO\EMS.DTO.csproj", "{1DE8C2B2-C352-470F-8E6A-4F488668D318}"
EndProject
Project("{FAE04EC0-301F-11D3-BF4B-00C04F79EFBC}") = "EMS.Repository", "EMS.Repository\EMS.Repository.csproj", "{33FF3A14-A8B6-4128-B1FA-82A66D8D3A9B}"
EndProject
Project("{FAE04EC0-301F-11D3-BF4B-00C04F79EFBC}") = "EMS.Manager", "EMS.Manager\EMS.Manager.csproj", "{AAD22538-BEE9-42AC-B778-8B1D73C9DB1A}"
EndProject
Project("{FAE04EC0-301F-11D3-BF4B-00C04F79EFBC}") = "Web", "Web\Web.csproj", "{48FE0E07-A04C-41A3-BE78-D3B5FE4F4E0B}"
EndProject
Project("{FAE04EC0-301F-11D3-BF4B-00C04F79EFBC}") = "EMS.UnitTest", "EMS.UnitTest\EMS.UnitTest.csproj", "{BD0A01A5-6BB6-4F6B-8A79-1765B899D10F}"
EndProject
Global
	GlobalSection(SolutionConfigurationPlatforms) = preSolution
		Debug|Any CPU = Debug|Any CPU
		Release|Any CPU = Release|Any CPU
	EndGlobalSection
	GlobalSection(ProjectConfigurationPlatforms) = postSolution
		{675C4E4D-10FF-4B18-98E3-5E2E06D6FCC0}.Debug|Any CPU.ActiveCfg = Debug|Any CPU
		{675C4E4D-10FF-4B18-98E3-5E2E06D6FCC0}.Debug|Any CPU.Build.0 = Debug|Any CPU
		{675C4E4D-10FF-4B18-98E3-5E2E06D6FCC0}.Release|Any CPU.ActiveCfg = Release|Any CPU
		{675C4E4D-10FF-4B18-98E3-5E2E06D6FCC0}.Release|Any CPU.Build.0 = Release|Any CPU
		{B96F9030-D448-402C-9F68-883887BF3A24}.Debug|Any CPU.ActiveCfg = Debug|Any CPU
		{B96F9030-D448-402C-9F68-883887BF3A24}.Debug|Any CPU.Build.0 = Debug|Any CPU
		{B96F9030-D448-402C-9F68-883887BF3A24}.Release|Any CPU.ActiveCfg = Release|Any CPU
		{B96F9030-D448-402C-9F68-883887BF3A24}.Release|Any CPU.Build.0 = Release|Any CPU
		{4458A58C-2928-402C-835B-7503B97A50D0}.Debug|Any CPU.ActiveCfg = Debug|Any CPU
		{4458A58C-2928-402C-835B-7503B97A50D0}.Debug|Any CPU.Build.0 = Debug|Any CPU
		{4458A58C-2928-402C-835B-7503B97A50D0}.Release|Any CPU.ActiveCfg = Release|Any CPU
		{4458A58C-2928-402C-835B-7503B97A50D0}.Release|Any CPU.Build.0 = Release|Any CPU
		{1DE8C2B2-C352-470F-8E6A-4F488668D318}.Debug|Any CPU.ActiveCfg = Debug|Any CPU
		{1DE8C2B2-C352-470F-8E6A-4F488668D318}.Debug|Any CPU.Build.0 = Debug|Any CPU
		{1DE8C2B2-C352-470F-8E6A-4F488668D318}.Release|Any CPU.ActiveCfg = Release|Any CPU
		{1DE8C2B2-C352-470F-8E6A-4F488668D318}.Release|Any CPU.Build.0 = Release|Any CPU
		{33FF3A14-A8B6-4128-B1FA-82A66D8D3A9B}.Debug|Any CPU.ActiveCfg = Debug|Any CPU
		{33FF3A14-A8B6-4128-B1FA-82A66D8D3A9B}.Debug|Any CPU.Build.0 = Debug|Any CPU
		{33FF3A14-A8B6-4128-B1FA-82A66D8D3A9B}.Release|Any CPU.ActiveCfg = Release|Any CPU
		{33FF3A14-A8B6-4128-B1FA-82A66D8D3A9B}.Release|Any CPU.Build.0 = Release|Any CPU
		{AAD22538-BEE9-42AC-B778-8B1D73C9DB1A}.Debug|Any CPU.ActiveCfg = Debug|Any CPU
		{AAD22538-BEE9-42AC-B778-8B1D73C9DB1A}.Debug|Any CPU.Build.0 = Debug|Any CPU
		{AAD22538-BEE9-42AC-B778-8B1D73C9DB1A}.Release|Any CPU.ActiveCfg = Release|Any CPU
		{AAD22538-BEE9-42AC-B778-8B1D73C9DB1A}.Release|Any CPU.Build.0 = Release|Any CPU
		{48FE0E07-A04C-41A3-BE78-D3B5FE4F4E0B}.Debug|Any CPU.ActiveCfg = Debug|Any CPU
		{48FE0E07-A04C-41A3-BE78-D3B5FE4F4E0B}.Debug|Any CPU.Build.0 = Debug|Any CPU
		{48FE0E07-A04C-41A3-BE78-D3B5FE4F4E0B}.Release|Any CPU.ActiveCfg = Release|Any CPU
		{48FE0E07-A04C-41A3-BE78-D3B5FE4F4E0B}.Release|Any CPU.Build.0 = Release|Any CPU
		{BD0A01A5-6BB6-4F6B-8A79-1765B899D10F}.Debug|Any CPU.ActiveCfg = Debug|Any CPU
		{BD0A01A5-6BB6-4F6B-8A79-1765B899D10F}.Debug|Any CPU.Build.0 = Debug|Any CPU
		{BD0A01A5-6BB6-4F6B-8A79-1765B899D10F}.Release|Any CPU.ActiveCfg = Release|Any CPU
		{BD0A01A5-6BB6-4F6B-8A79-1765B899D10F}.Release|Any CPU.Build.0 = Release|Any CPU
	EndGlobalSection
	GlobalSection(SolutionProperties) = preSolution
		HideSolutionNode = FALSE
	EndGlobalSection
EndGlobal
